// !$*UTF8*$!
{
	archiveVersion = 1;
	classes = {
	};
	objectVersion = 56;
	objects = {

/* Begin PBXBuildFile section */
		2B71C45B29DADC6200157143 /* MapView.swift in Sources */ = {isa = PBXBuildFile; fileRef = 2B71C45A29DADC6200157143 /* MapView.swift */; };
		2B71C45D29DAE0C100157143 /* Colors.xcassets in Resources */ = {isa = PBXBuildFile; fileRef = 2B71C45C29DAE0C100157143 /* Colors.xcassets */; };
		2B71C46129DAE4E800157143 /* RemarkableTreeCoordinate.swift in Sources */ = {isa = PBXBuildFile; fileRef = 2B71C46029DAE4E800157143 /* RemarkableTreeCoordinate.swift */; };
		2B71C46329DB14CF00157143 /* HomeView.swift in Sources */ = {isa = PBXBuildFile; fileRef = 2B71C46229DB14CF00157143 /* HomeView.swift */; };
		2B88957C29B777A300B16496 /* Root.swift in Sources */ = {isa = PBXBuildFile; fileRef = 2B88957B29B777A300B16496 /* Root.swift */; };
		2B88958029B777A600B16496 /* Assets.xcassets in Resources */ = {isa = PBXBuildFile; fileRef = 2B88957F29B777A600B16496 /* Assets.xcassets */; };
		2B88958329B777A600B16496 /* Preview Assets.xcassets in Resources */ = {isa = PBXBuildFile; fileRef = 2B88958229B777A600B16496 /* Preview Assets.xcassets */; };
		2B88958B29B77FDA00B16496 /* RemarkableTree.swift in Sources */ = {isa = PBXBuildFile; fileRef = 2B88958A29B77FDA00B16496 /* RemarkableTree.swift */; };
		2B88958E29B786FA00B16496 /* HomeViewModel.swift in Sources */ = {isa = PBXBuildFile; fileRef = 2B88958D29B786FA00B16496 /* HomeViewModel.swift */; };
		2B88959129B7873400B16496 /* Session.swift in Sources */ = {isa = PBXBuildFile; fileRef = 2B88959029B7873400B16496 /* Session.swift */; };
		2B88959329B7879600B16496 /* Request.swift in Sources */ = {isa = PBXBuildFile; fileRef = 2B88959229B7879600B16496 /* Request.swift */; };
/* End PBXBuildFile section */

/* Begin PBXFileReference section */
		2B71C45A29DADC6200157143 /* MapView.swift */ = {isa = PBXFileReference; lastKnownFileType = sourcecode.swift; path = MapView.swift; sourceTree = "<group>"; };
		2B71C45C29DAE0C100157143 /* Colors.xcassets */ = {isa = PBXFileReference; lastKnownFileType = folder.assetcatalog; path = Colors.xcassets; sourceTree = "<group>"; };
		2B71C46029DAE4E800157143 /* RemarkableTreeCoordinate.swift */ = {isa = PBXFileReference; lastKnownFileType = sourcecode.swift; path = RemarkableTreeCoordinate.swift; sourceTree = "<group>"; };
		2B71C46229DB14CF00157143 /* HomeView.swift */ = {isa = PBXFileReference; lastKnownFileType = sourcecode.swift; path = HomeView.swift; sourceTree = "<group>"; };
		2B88957829B777A300B16496 /* Ked.app */ = {isa = PBXFileReference; explicitFileType = wrapper.application; includeInIndex = 0; path = Ked.app; sourceTree = BUILT_PRODUCTS_DIR; };
		2B88957B29B777A300B16496 /* Root.swift */ = {isa = PBXFileReference; lastKnownFileType = sourcecode.swift; path = Root.swift; sourceTree = "<group>"; };
		2B88957F29B777A600B16496 /* Assets.xcassets */ = {isa = PBXFileReference; lastKnownFileType = folder.assetcatalog; path = Assets.xcassets; sourceTree = "<group>"; };
		2B88958229B777A600B16496 /* Preview Assets.xcassets */ = {isa = PBXFileReference; lastKnownFileType = folder.assetcatalog; path = "Preview Assets.xcassets"; sourceTree = "<group>"; };
		2B88958A29B77FDA00B16496 /* RemarkableTree.swift */ = {isa = PBXFileReference; lastKnownFileType = sourcecode.swift; path = RemarkableTree.swift; sourceTree = "<group>"; };
		2B88958D29B786FA00B16496 /* HomeViewModel.swift */ = {isa = PBXFileReference; lastKnownFileType = sourcecode.swift; path = HomeViewModel.swift; sourceTree = "<group>"; };
		2B88959029B7873400B16496 /* Session.swift */ = {isa = PBXFileReference; lastKnownFileType = sourcecode.swift; path = Session.swift; sourceTree = "<group>"; };
		2B88959229B7879600B16496 /* Request.swift */ = {isa = PBXFileReference; lastKnownFileType = sourcecode.swift; path = Request.swift; sourceTree = "<group>"; };
/* End PBXFileReference section */

/* Begin PBXFrameworksBuildPhase section */
		2B88957529B777A300B16496 /* Frameworks */ = {
			isa = PBXFrameworksBuildPhase;
			buildActionMask = 2147483647;
			files = (
			);
			runOnlyForDeploymentPostprocessing = 0;
		};
/* End PBXFrameworksBuildPhase section */

/* Begin PBXGroup section */
		2B71C45829DADBF900157143 /* Resources */ = {
			isa = PBXGroup;
			children = (
				2B88957F29B777A600B16496 /* Assets.xcassets */,
				2B71C45C29DAE0C100157143 /* Colors.xcassets */,
			);
			path = Resources;
			sourceTree = "<group>";
		};
		2B71C45E29DAE48500157143 /* Home */ = {
			isa = PBXGroup;
			children = (
				2B71C45A29DADC6200157143 /* MapView.swift */,
				2B71C46229DB14CF00157143 /* HomeView.swift */,
			);
			path = Home;
			sourceTree = "<group>";
		};
		2B71C45F29DAE4C600157143 /* Root */ = {
			isa = PBXGroup;
			children = (
				2B88957B29B777A300B16496 /* Root.swift */,
			);
			path = Root;
			sourceTree = "<group>";
		};
		2B88956F29B777A300B16496 = {
			isa = PBXGroup;
			children = (
				2B88957A29B777A300B16496 /* Ked */,
				2B88957929B777A300B16496 /* Products */,
			);
			sourceTree = "<group>";
		};
		2B88957929B777A300B16496 /* Products */ = {
			isa = PBXGroup;
			children = (
				2B88957829B777A300B16496 /* Ked.app */,
			);
			name = Products;
			sourceTree = "<group>";
		};
		2B88957A29B777A300B16496 /* Ked */ = {
			isa = PBXGroup;
			children = (
				2B8AA32129B8A2B000D8EB1C /* UIComponents */,
				2B88958929B77E6B00B16496 /* Core */,
				2B88958F29B7870B00B16496 /* Networking */,
			);
			path = Ked;
			sourceTree = "<group>";
		};
		2B88958129B777A600B16496 /* Preview Content */ = {
			isa = PBXGroup;
			children = (
				2B88958229B777A600B16496 /* Preview Assets.xcassets */,
			);
			path = "Preview Content";
			sourceTree = "<group>";
		};
		2B88958929B77E6B00B16496 /* Core */ = {
			isa = PBXGroup;
			children = (
				2B88958C29B786CB00B16496 /* Search */,
			);
			path = Core;
			sourceTree = "<group>";
		};
		2B88958C29B786CB00B16496 /* Search */ = {
			isa = PBXGroup;
			children = (
				2B88958A29B77FDA00B16496 /* RemarkableTree.swift */,
				2B71C46029DAE4E800157143 /* RemarkableTreeCoordinate.swift */,
				2B88958D29B786FA00B16496 /* HomeViewModel.swift */,
			);
			path = Search;
			sourceTree = "<group>";
		};
		2B88958F29B7870B00B16496 /* Networking */ = {
			isa = PBXGroup;
			children = (
				2B88959029B7873400B16496 /* Session.swift */,
				2B88959229B7879600B16496 /* Request.swift */,
			);
			path = Networking;
			sourceTree = "<group>";
		};
		2B8AA32129B8A2B000D8EB1C /* UIComponents */ = {
			isa = PBXGroup;
			children = (
				2B88958129B777A600B16496 /* Preview Content */,
				2B71C45829DADBF900157143 /* Resources */,
				2B71C45F29DAE4C600157143 /* Root */,
				2B71C45E29DAE48500157143 /* Home */,
			);
			path = UIComponents;
			sourceTree = "<group>";
		};
/* End PBXGroup section */

/* Begin PBXNativeTarget section */
		2B88957729B777A300B16496 /* Ked */ = {
			isa = PBXNativeTarget;
			buildConfigurationList = 2B88958629B777A600B16496 /* Build configuration list for PBXNativeTarget "Ked" */;
			buildPhases = (
				2B88957429B777A300B16496 /* Sources */,
				2B88957529B777A300B16496 /* Frameworks */,
				2B88957629B777A300B16496 /* Resources */,
			);
			buildRules = (
			);
			dependencies = (
			);
			name = Ked;
			productName = Ked;
			productReference = 2B88957829B777A300B16496 /* Ked.app */;
			productType = "com.apple.product-type.application";
		};
/* End PBXNativeTarget section */

/* Begin PBXProject section */
		2B88957029B777A300B16496 /* Project object */ = {
			isa = PBXProject;
			attributes = {
				BuildIndependentTargetsInParallel = 1;
				LastSwiftUpdateCheck = 1410;
				LastUpgradeCheck = 1410;
				TargetAttributes = {
					2B88957729B777A300B16496 = {
						CreatedOnToolsVersion = 14.1;
					};
				};
			};
			buildConfigurationList = 2B88957329B777A300B16496 /* Build configuration list for PBXProject "Ked" */;
			compatibilityVersion = "Xcode 14.0";
			developmentRegion = en;
			hasScannedForEncodings = 0;
			knownRegions = (
				en,
				Base,
			);
			mainGroup = 2B88956F29B777A300B16496;
			productRefGroup = 2B88957929B777A300B16496 /* Products */;
			projectDirPath = "";
			projectRoot = "";
			targets = (
				2B88957729B777A300B16496 /* Ked */,
			);
		};
/* End PBXProject section */

/* Begin PBXResourcesBuildPhase section */
		2B88957629B777A300B16496 /* Resources */ = {
			isa = PBXResourcesBuildPhase;
			buildActionMask = 2147483647;
			files = (
				2B71C45D29DAE0C100157143 /* Colors.xcassets in Resources */,
				2B88958329B777A600B16496 /* Preview Assets.xcassets in Resources */,
				2B88958029B777A600B16496 /* Assets.xcassets in Resources */,
			);
			runOnlyForDeploymentPostprocessing = 0;
		};
/* End PBXResourcesBuildPhase section */

/* Begin PBXSourcesBuildPhase section */
		2B88957429B777A300B16496 /* Sources */ = {
			isa = PBXSourcesBuildPhase;
			buildActionMask = 2147483647;
			files = (
				2B71C46329DB14CF00157143 /* HomeView.swift in Sources */,
				2B71C46129DAE4E800157143 /* RemarkableTreeCoordinate.swift in Sources */,
				2B88959129B7873400B16496 /* Session.swift in Sources */,
				2B71C45B29DADC6200157143 /* MapView.swift in Sources */,
				2B88959329B7879600B16496 /* Request.swift in Sources */,
				2B88958B29B77FDA00B16496 /* RemarkableTree.swift in Sources */,
				2B88958E29B786FA00B16496 /* HomeViewModel.swift in Sources */,
				2B88957C29B777A300B16496 /* Root.swift in Sources */,
			);
			runOnlyForDeploymentPostprocessing = 0;
		};
/* End PBXSourcesBuildPhase section */

/* Begin XCBuildConfiguration section */
		2B88958429B777A600B16496 /* Debug */ = {
			isa = XCBuildConfiguration;
			buildSettings = {
				ALWAYS_SEARCH_USER_PATHS = NO;
				CLANG_ANALYZER_NONNULL = YES;
				CLANG_ANALYZER_NUMBER_OBJECT_CONVERSION = YES_AGGRESSIVE;
				CLANG_CXX_LANGUAGE_STANDARD = "gnu++20";
				CLANG_ENABLE_MODULES = YES;
				CLANG_ENABLE_OBJC_ARC = YES;
				CLANG_ENABLE_OBJC_WEAK = YES;
				CLANG_WARN_BLOCK_CAPTURE_AUTORELEASING = YES;
				CLANG_WARN_BOOL_CONVERSION = YES;
				CLANG_WARN_COMMA = YES;
				CLANG_WARN_CONSTANT_CONVERSION = YES;
				CLANG_WARN_DEPRECATED_OBJC_IMPLEMENTATIONS = YES;
				CLANG_WARN_DIRECT_OBJC_ISA_USAGE = YES_ERROR;
				CLANG_WARN_DOCUMENTATION_COMMENTS = YES;
				CLANG_WARN_EMPTY_BODY = YES;
				CLANG_WARN_ENUM_CONVERSION = YES;
				CLANG_WARN_INFINITE_RECURSION = YES;
				CLANG_WARN_INT_CONVERSION = YES;
				CLANG_WARN_NON_LITERAL_NULL_CONVERSION = YES;
				CLANG_WARN_OBJC_IMPLICIT_RETAIN_SELF = YES;
				CLANG_WARN_OBJC_LITERAL_CONVERSION = YES;
				CLANG_WARN_OBJC_ROOT_CLASS = YES_ERROR;
				CLANG_WARN_QUOTED_INCLUDE_IN_FRAMEWORK_HEADER = YES;
				CLANG_WARN_RANGE_LOOP_ANALYSIS = YES;
				CLANG_WARN_STRICT_PROTOTYPES = YES;
				CLANG_WARN_SUSPICIOUS_MOVE = YES;
				CLANG_WARN_UNGUARDED_AVAILABILITY = YES_AGGRESSIVE;
				CLANG_WARN_UNREACHABLE_CODE = YES;
				CLANG_WARN__DUPLICATE_METHOD_MATCH = YES;
				COPY_PHASE_STRIP = NO;
				DEBUG_INFORMATION_FORMAT = dwarf;
				ENABLE_STRICT_OBJC_MSGSEND = YES;
				ENABLE_TESTABILITY = YES;
				GCC_C_LANGUAGE_STANDARD = gnu11;
				GCC_DYNAMIC_NO_PIC = NO;
				GCC_NO_COMMON_BLOCKS = YES;
				GCC_OPTIMIZATION_LEVEL = 0;
				GCC_PREPROCESSOR_DEFINITIONS = (
					"DEBUG=1",
					"$(inherited)",
				);
				GCC_WARN_64_TO_32_BIT_CONVERSION = YES;
				GCC_WARN_ABOUT_RETURN_TYPE = YES_ERROR;
				GCC_WARN_UNDECLARED_SELECTOR = YES;
				GCC_WARN_UNINITIALIZED_AUTOS = YES_AGGRESSIVE;
				GCC_WARN_UNUSED_FUNCTION = YES;
				GCC_WARN_UNUSED_VARIABLE = YES;
				IPHONEOS_DEPLOYMENT_TARGET = 16.1;
				MTL_ENABLE_DEBUG_INFO = INCLUDE_SOURCE;
				MTL_FAST_MATH = YES;
				ONLY_ACTIVE_ARCH = YES;
				SDKROOT = iphoneos;
				SWIFT_ACTIVE_COMPILATION_CONDITIONS = DEBUG;
				SWIFT_OPTIMIZATION_LEVEL = "-Onone";
			};
			name = Debug;
		};
		2B88958529B777A600B16496 /* Release */ = {
			isa = XCBuildConfiguration;
			buildSettings = {
				ALWAYS_SEARCH_USER_PATHS = NO;
				CLANG_ANALYZER_NONNULL = YES;
				CLANG_ANALYZER_NUMBER_OBJECT_CONVERSION = YES_AGGRESSIVE;
				CLANG_CXX_LANGUAGE_STANDARD = "gnu++20";
				CLANG_ENABLE_MODULES = YES;
				CLANG_ENABLE_OBJC_ARC = YES;
				CLANG_ENABLE_OBJC_WEAK = YES;
				CLANG_WARN_BLOCK_CAPTURE_AUTORELEASING = YES;
				CLANG_WARN_BOOL_CONVERSION = YES;
				CLANG_WARN_COMMA = YES;
				CLANG_WARN_CONSTANT_CONVERSION = YES;
				CLANG_WARN_DEPRECATED_OBJC_IMPLEMENTATIONS = YES;
				CLANG_WARN_DIRECT_OBJC_ISA_USAGE = YES_ERROR;
				CLANG_WARN_DOCUMENTATION_COMMENTS = YES;
				CLANG_WARN_EMPTY_BODY = YES;
				CLANG_WARN_ENUM_CONVERSION = YES;
				CLANG_WARN_INFINITE_RECURSION = YES;
				CLANG_WARN_INT_CONVERSION = YES;
				CLANG_WARN_NON_LITERAL_NULL_CONVERSION = YES;
				CLANG_WARN_OBJC_IMPLICIT_RETAIN_SELF = YES;
				CLANG_WARN_OBJC_LITERAL_CONVERSION = YES;
				CLANG_WARN_OBJC_ROOT_CLASS = YES_ERROR;
				CLANG_WARN_QUOTED_INCLUDE_IN_FRAMEWORK_HEADER = YES;
				CLANG_WARN_RANGE_LOOP_ANALYSIS = YES;
				CLANG_WARN_STRICT_PROTOTYPES = YES;
				CLANG_WARN_SUSPICIOUS_MOVE = YES;
				CLANG_WARN_UNGUARDED_AVAILABILITY = YES_AGGRESSIVE;
				CLANG_WARN_UNREACHABLE_CODE = YES;
				CLANG_WARN__DUPLICATE_METHOD_MATCH = YES;
				COPY_PHASE_STRIP = NO;
				DEBUG_INFORMATION_FORMAT = "dwarf-with-dsym";
				ENABLE_NS_ASSERTIONS = NO;
				ENABLE_STRICT_OBJC_MSGSEND = YES;
				GCC_C_LANGUAGE_STANDARD = gnu11;
				GCC_NO_COMMON_BLOCKS = YES;
				GCC_WARN_64_TO_32_BIT_CONVERSION = YES;
				GCC_WARN_ABOUT_RETURN_TYPE = YES_ERROR;
				GCC_WARN_UNDECLARED_SELECTOR = YES;
				GCC_WARN_UNINITIALIZED_AUTOS = YES_AGGRESSIVE;
				GCC_WARN_UNUSED_FUNCTION = YES;
				GCC_WARN_UNUSED_VARIABLE = YES;
				IPHONEOS_DEPLOYMENT_TARGET = 16.1;
				MTL_ENABLE_DEBUG_INFO = NO;
				MTL_FAST_MATH = YES;
				SDKROOT = iphoneos;
				SWIFT_COMPILATION_MODE = wholemodule;
				SWIFT_OPTIMIZATION_LEVEL = "-O";
				VALIDATE_PRODUCT = YES;
			};
			name = Release;
		};
		2B88958729B777A600B16496 /* Debug */ = {
			isa = XCBuildConfiguration;
			buildSettings = {
				ASSETCATALOG_COMPILER_APPICON_NAME = AppIcon;
				ASSETCATALOG_COMPILER_GLOBAL_ACCENT_COLOR_NAME = AccentColor;
				CODE_SIGN_STYLE = Automatic;
				CURRENT_PROJECT_VERSION = 1;
				DEVELOPMENT_ASSET_PATHS = "\"Ked/UIComponents/Preview Content\"";
				DEVELOPMENT_TEAM = W44DN6VD3C;
				ENABLE_PREVIEWS = YES;
				GENERATE_INFOPLIST_FILE = YES;
				INFOPLIST_KEY_UIApplicationSceneManifest_Generation = YES;
				INFOPLIST_KEY_UIApplicationSupportsIndirectInputEvents = YES;
				INFOPLIST_KEY_UILaunchScreen_Generation = YES;
				INFOPLIST_KEY_UISupportedInterfaceOrientations_iPad = "UIInterfaceOrientationPortrait UIInterfaceOrientationPortraitUpsideDown UIInterfaceOrientationLandscapeLeft UIInterfaceOrientationLandscapeRight";
				INFOPLIST_KEY_UISupportedInterfaceOrientations_iPhone = "UIInterfaceOrientationPortrait UIInterfaceOrientationLandscapeLeft UIInterfaceOrientationLandscapeRight";
				LD_RUNPATH_SEARCH_PATHS = (
					"$(inherited)",
					"@executable_path/Frameworks",
				);
				MARKETING_VERSION = 1.0;
				PRODUCT_BUNDLE_IDENTIFIER = publicissapient.com.Ked;
				PRODUCT_NAME = "$(TARGET_NAME)";
				SWIFT_EMIT_LOC_STRINGS = YES;
				SWIFT_VERSION = 5.0;
				TARGETED_DEVICE_FAMILY = "1,2";
			};
			name = Debug;
		};
		2B88958829B777A600B16496 /* Release */ = {
			isa = XCBuildConfiguration;
			buildSettings = {
				ASSETCATALOG_COMPILER_APPICON_NAME = AppIcon;
				ASSETCATALOG_COMPILER_GLOBAL_ACCENT_COLOR_NAME = AccentColor;
				CODE_SIGN_STYLE = Automatic;
				CURRENT_PROJECT_VERSION = 1;
				DEVELOPMENT_ASSET_PATHS = "\"Ked/UIComponents/Preview Content\"";
				DEVELOPMENT_TEAM = W44DN6VD3C;
				ENABLE_PREVIEWS = YES;
				GENERATE_INFOPLIST_FILE = YES;
				INFOPLIST_KEY_UIApplicationSceneManifest_Generation = YES;
				INFOPLIST_KEY_UIApplicationSupportsIndirectInputEvents = YES;
				INFOPLIST_KEY_UILaunchScreen_Generation = YES;
				INFOPLIST_KEY_UISupportedInterfaceOrientations_iPad = "UIInterfaceOrientationPortrait UIInterfaceOrientationPortraitUpsideDown UIInterfaceOrientationLandscapeLeft UIInterfaceOrientationLandscapeRight";
				INFOPLIST_KEY_UISupportedInterfaceOrientations_iPhone = "UIInterfaceOrientationPortrait UIInterfaceOrientationLandscapeLeft UIInterfaceOrientationLandscapeRight";
				LD_RUNPATH_SEARCH_PATHS = (
					"$(inherited)",
					"@executable_path/Frameworks",
				);
				MARKETING_VERSION = 1.0;
				PRODUCT_BUNDLE_IDENTIFIER = publicissapient.com.Ked;
				PRODUCT_NAME = "$(TARGET_NAME)";
				SWIFT_EMIT_LOC_STRINGS = YES;
				SWIFT_VERSION = 5.0;
				TARGETED_DEVICE_FAMILY = "1,2";
			};
			name = Release;
		};
/* End XCBuildConfiguration section */

/* Begin XCConfigurationList section */
		2B88957329B777A300B16496 /* Build configuration list for PBXProject "Ked" */ = {
			isa = XCConfigurationList;
			buildConfigurations = (
				2B88958429B777A600B16496 /* Debug */,
				2B88958529B777A600B16496 /* Release */,
			);
			defaultConfigurationIsVisible = 0;
			defaultConfigurationName = Release;
		};
		2B88958629B777A600B16496 /* Build configuration list for PBXNativeTarget "Ked" */ = {
			isa = XCConfigurationList;
			buildConfigurations = (
				2B88958729B777A600B16496 /* Debug */,
				2B88958829B777A600B16496 /* Release */,
			);
			defaultConfigurationIsVisible = 0;
			defaultConfigurationName = Release;
		};
/* End XCConfigurationList section */
	};
	rootObject = 2B88957029B777A300B16496 /* Project object */;
}
